// !$*UTF8*$!
{
	archiveVersion = 1;
	classes = {
	};
	objectVersion = 46;
	objects = {

/* Begin PBXBuildFile section */
		9A63F45D37043CE89D151D0E /* libPods.a in Frameworks */ = {isa = PBXBuildFile; fileRef = 81726B55BE47D3A50661D4A0 /* libPods.a */; };
		B94C93AC1AFC002400A5F67E /* NewsTableViewCell.xib in Resources */ = {isa = PBXBuildFile; fileRef = B94C93AB1AFC002400A5F67E /* NewsTableViewCell.xib */; };
		B94CA2971AFA6E6F0043EBDA /* News.m in Sources */ = {isa = PBXBuildFile; fileRef = B94CA2961AFA6E6F0043EBDA /* News.m */; };
		B94CA2B11AFA6EBD0043EBDA /* LogInViewController.m in Sources */ = {isa = PBXBuildFile; fileRef = B94CA2A81AFA6EBD0043EBDA /* LogInViewController.m */; };
		B94CA2B21AFA6EBD0043EBDA /* NewsProfileViewController.m in Sources */ = {isa = PBXBuildFile; fileRef = B94CA2AA1AFA6EBD0043EBDA /* NewsProfileViewController.m */; };
		B94CA2B31AFA6EBD0043EBDA /* NewsCollectionViewController.m in Sources */ = {isa = PBXBuildFile; fileRef = B94CA2AC1AFA6EBD0043EBDA /* NewsCollectionViewController.m */; };
		B94CA2B51AFA6EBD0043EBDA /* SignUpViewController.m in Sources */ = {isa = PBXBuildFile; fileRef = B94CA2B01AFA6EBD0043EBDA /* SignUpViewController.m */; };
		B94CA2BF1AFA6EC90043EBDA /* LogInViewModel.m in Sources */ = {isa = PBXBuildFile; fileRef = B94CA2B81AFA6EC90043EBDA /* LogInViewModel.m */; };
		B94CA2C01AFA6EC90043EBDA /* NewsCollectionViewModel.m in Sources */ = {isa = PBXBuildFile; fileRef = B94CA2BA1AFA6EC90043EBDA /* NewsCollectionViewModel.m */; };
		B94CA2C11AFA6EC90043EBDA /* NewsViewModel.m in Sources */ = {isa = PBXBuildFile; fileRef = B94CA2BC1AFA6EC90043EBDA /* NewsViewModel.m */; };
		B94CA2C21AFA6EC90043EBDA /* SignUpViewModel.m in Sources */ = {isa = PBXBuildFile; fileRef = B94CA2BE1AFA6EC90043EBDA /* SignUpViewModel.m */; };
		B998114B1B06380900A56C7C /* NewsRequestManager.m in Sources */ = {isa = PBXBuildFile; fileRef = B998114A1B06380900A56C7C /* NewsRequestManager.m */; };
		B998114C1B06394B00A56C7C /* RequestManager.m in Sources */ = {isa = PBXBuildFile; fileRef = B94CA2A31AFA6EAE0043EBDA /* RequestManager.m */; };
		B99D46311B00E15600A604D4 /* UserRequestManager.m in Sources */ = {isa = PBXBuildFile; fileRef = B99D46301B00E15600A604D4 /* UserRequestManager.m */; };
		B9B9AB541AF90ACB00EB511A /* SingleNewTableViewCell.m in Sources */ = {isa = PBXBuildFile; fileRef = B9B9AB531AF90ACB00EB511A /* SingleNewTableViewCell.m */; };
		F8CD9DE21AE7E6C400D4FF53 /* main.m in Sources */ = {isa = PBXBuildFile; fileRef = F8CD9DE11AE7E6C400D4FF53 /* main.m */; };
		F8CD9DE51AE7E6C400D4FF53 /* AppDelegate.m in Sources */ = {isa = PBXBuildFile; fileRef = F8CD9DE41AE7E6C400D4FF53 /* AppDelegate.m */; };
		F8CD9DEE1AE7E6C400D4FF53 /* Main.storyboard in Resources */ = {isa = PBXBuildFile; fileRef = F8CD9DEC1AE7E6C400D4FF53 /* Main.storyboard */; };
		F8CD9DF01AE7E6C400D4FF53 /* Images.xcassets in Resources */ = {isa = PBXBuildFile; fileRef = F8CD9DEF1AE7E6C400D4FF53 /* Images.xcassets */; };
		F8CD9DF31AE7E6C400D4FF53 /* LaunchScreen.xib in Resources */ = {isa = PBXBuildFile; fileRef = F8CD9DF11AE7E6C400D4FF53 /* LaunchScreen.xib */; };
/* End PBXBuildFile section */

/* Begin PBXContainerItemProxy section */
		F8CD9DF91AE7E6C400D4FF53 /* PBXContainerItemProxy */ = {
			isa = PBXContainerItemProxy;
			containerPortal = F8CD9DD41AE7E6C400D4FF53 /* Project object */;
			proxyType = 1;
			remoteGlobalIDString = F8CD9DDB1AE7E6C400D4FF53;
			remoteInfo = "Wolox Tranining App";
		};
/* End PBXContainerItemProxy section */

/* Begin PBXFileReference section */
		4EE0CEC310899A93D3573FF6 /* Pods.release.xcconfig */ = {isa = PBXFileReference; includeInIndex = 1; lastKnownFileType = text.xcconfig; name = Pods.release.xcconfig; path = "Pods/Target Support Files/Pods/Pods.release.xcconfig"; sourceTree = "<group>"; };
		5758CB3A9EC9A4E62D827F6D /* Pods.debug.xcconfig */ = {isa = PBXFileReference; includeInIndex = 1; lastKnownFileType = text.xcconfig; name = Pods.debug.xcconfig; path = "Pods/Target Support Files/Pods/Pods.debug.xcconfig"; sourceTree = "<group>"; };
		81726B55BE47D3A50661D4A0 /* libPods.a */ = {isa = PBXFileReference; explicitFileType = archive.ar; includeInIndex = 0; path = libPods.a; sourceTree = BUILT_PRODUCTS_DIR; };
		B94C93AB1AFC002400A5F67E /* NewsTableViewCell.xib */ = {isa = PBXFileReference; fileEncoding = 4; lastKnownFileType = file.xib; path = NewsTableViewCell.xib; sourceTree = "<group>"; };
		B94CA2951AFA6E6F0043EBDA /* News.h */ = {isa = PBXFileReference; fileEncoding = 4; lastKnownFileType = sourcecode.c.h; path = News.h; sourceTree = "<group>"; };
		B94CA2961AFA6E6F0043EBDA /* News.m */ = {isa = PBXFileReference; fileEncoding = 4; lastKnownFileType = sourcecode.c.objc; path = News.m; sourceTree = "<group>"; };
		B94CA2A21AFA6EAE0043EBDA /* RequestManager.h */ = {isa = PBXFileReference; fileEncoding = 4; lastKnownFileType = sourcecode.c.h; path = RequestManager.h; sourceTree = "<group>"; };
		B94CA2A31AFA6EAE0043EBDA /* RequestManager.m */ = {isa = PBXFileReference; fileEncoding = 4; lastKnownFileType = sourcecode.c.objc; path = RequestManager.m; sourceTree = "<group>"; };
		B94CA2A71AFA6EBD0043EBDA /* LogInViewController.h */ = {isa = PBXFileReference; fileEncoding = 4; lastKnownFileType = sourcecode.c.h; path = LogInViewController.h; sourceTree = "<group>"; };
		B94CA2A81AFA6EBD0043EBDA /* LogInViewController.m */ = {isa = PBXFileReference; fileEncoding = 4; lastKnownFileType = sourcecode.c.objc; path = LogInViewController.m; sourceTree = "<group>"; };
		B94CA2A91AFA6EBD0043EBDA /* NewsProfileViewController.h */ = {isa = PBXFileReference; fileEncoding = 4; lastKnownFileType = sourcecode.c.h; path = NewsProfileViewController.h; sourceTree = "<group>"; };
		B94CA2AA1AFA6EBD0043EBDA /* NewsProfileViewController.m */ = {isa = PBXFileReference; fileEncoding = 4; lastKnownFileType = sourcecode.c.objc; path = NewsProfileViewController.m; sourceTree = "<group>"; };
		B94CA2AB1AFA6EBD0043EBDA /* NewsCollectionViewController.h */ = {isa = PBXFileReference; fileEncoding = 4; lastKnownFileType = sourcecode.c.h; path = NewsCollectionViewController.h; sourceTree = "<group>"; };
		B94CA2AC1AFA6EBD0043EBDA /* NewsCollectionViewController.m */ = {isa = PBXFileReference; fileEncoding = 4; lastKnownFileType = sourcecode.c.objc; path = NewsCollectionViewController.m; sourceTree = "<group>"; };
		B94CA2AF1AFA6EBD0043EBDA /* SignUpViewController.h */ = {isa = PBXFileReference; fileEncoding = 4; lastKnownFileType = sourcecode.c.h; path = SignUpViewController.h; sourceTree = "<group>"; };
		B94CA2B01AFA6EBD0043EBDA /* SignUpViewController.m */ = {isa = PBXFileReference; fileEncoding = 4; lastKnownFileType = sourcecode.c.objc; path = SignUpViewController.m; sourceTree = "<group>"; };
		B94CA2B71AFA6EC90043EBDA /* LogInViewModel.h */ = {isa = PBXFileReference; fileEncoding = 4; lastKnownFileType = sourcecode.c.h; path = LogInViewModel.h; sourceTree = "<group>"; };
		B94CA2B81AFA6EC90043EBDA /* LogInViewModel.m */ = {isa = PBXFileReference; fileEncoding = 4; lastKnownFileType = sourcecode.c.objc; path = LogInViewModel.m; sourceTree = "<group>"; };
		B94CA2B91AFA6EC90043EBDA /* NewsCollectionViewModel.h */ = {isa = PBXFileReference; fileEncoding = 4; lastKnownFileType = sourcecode.c.h; path = NewsCollectionViewModel.h; sourceTree = "<group>"; };
		B94CA2BA1AFA6EC90043EBDA /* NewsCollectionViewModel.m */ = {isa = PBXFileReference; fileEncoding = 4; lastKnownFileType = sourcecode.c.objc; path = NewsCollectionViewModel.m; sourceTree = "<group>"; };
		B94CA2BB1AFA6EC90043EBDA /* NewsViewModel.h */ = {isa = PBXFileReference; fileEncoding = 4; lastKnownFileType = sourcecode.c.h; path = NewsViewModel.h; sourceTree = "<group>"; };
		B94CA2BC1AFA6EC90043EBDA /* NewsViewModel.m */ = {isa = PBXFileReference; fileEncoding = 4; lastKnownFileType = sourcecode.c.objc; path = NewsViewModel.m; sourceTree = "<group>"; };
		B94CA2BD1AFA6EC90043EBDA /* SignUpViewModel.h */ = {isa = PBXFileReference; fileEncoding = 4; lastKnownFileType = sourcecode.c.h; path = SignUpViewModel.h; sourceTree = "<group>"; };
		B94CA2BE1AFA6EC90043EBDA /* SignUpViewModel.m */ = {isa = PBXFileReference; fileEncoding = 4; lastKnownFileType = sourcecode.c.objc; path = SignUpViewModel.m; sourceTree = "<group>"; };
		B99811491B06380000A56C7C /* NewsRequestManager.h */ = {isa = PBXFileReference; lastKnownFileType = sourcecode.c.h; path = NewsRequestManager.h; sourceTree = "<group>"; };
		B998114A1B06380900A56C7C /* NewsRequestManager.m */ = {isa = PBXFileReference; fileEncoding = 4; lastKnownFileType = sourcecode.c.objc; path = NewsRequestManager.m; sourceTree = "<group>"; };
		B99D462F1B00E15600A604D4 /* UserRequestManager.h */ = {isa = PBXFileReference; fileEncoding = 4; lastKnownFileType = sourcecode.c.h; name = UserRequestManager.h; path = ../UserRequestManager.h; sourceTree = "<group>"; };
		B99D46301B00E15600A604D4 /* UserRequestManager.m */ = {isa = PBXFileReference; fileEncoding = 4; lastKnownFileType = sourcecode.c.objc; name = UserRequestManager.m; path = ../UserRequestManager.m; sourceTree = "<group>"; };
		B9B9AB521AF90ACB00EB511A /* SingleNewTableViewCell.h */ = {isa = PBXFileReference; fileEncoding = 4; lastKnownFileType = sourcecode.c.h; name = SingleNewTableViewCell.h; path = ../SingleNewTableViewCell.h; sourceTree = "<group>"; };
		B9B9AB531AF90ACB00EB511A /* SingleNewTableViewCell.m */ = {isa = PBXFileReference; fileEncoding = 4; lastKnownFileType = sourcecode.c.objc; name = SingleNewTableViewCell.m; path = ../SingleNewTableViewCell.m; sourceTree = "<group>"; };
		F8CD9DDC1AE7E6C400D4FF53 /* Wolox Tranining App.app */ = {isa = PBXFileReference; explicitFileType = wrapper.application; includeInIndex = 0; path = "Wolox Tranining App.app"; sourceTree = BUILT_PRODUCTS_DIR; };
		F8CD9DE01AE7E6C400D4FF53 /* Info.plist */ = {isa = PBXFileReference; lastKnownFileType = text.plist.xml; path = Info.plist; sourceTree = "<group>"; };
		F8CD9DE11AE7E6C400D4FF53 /* main.m */ = {isa = PBXFileReference; lastKnownFileType = sourcecode.c.objc; path = main.m; sourceTree = "<group>"; };
		F8CD9DE31AE7E6C400D4FF53 /* AppDelegate.h */ = {isa = PBXFileReference; lastKnownFileType = sourcecode.c.h; path = AppDelegate.h; sourceTree = "<group>"; };
		F8CD9DE41AE7E6C400D4FF53 /* AppDelegate.m */ = {isa = PBXFileReference; lastKnownFileType = sourcecode.c.objc; path = AppDelegate.m; sourceTree = "<group>"; };
		F8CD9DED1AE7E6C400D4FF53 /* Base */ = {isa = PBXFileReference; lastKnownFileType = file.storyboard; name = Base; path = Base.lproj/Main.storyboard; sourceTree = "<group>"; };
		F8CD9DEF1AE7E6C400D4FF53 /* Images.xcassets */ = {isa = PBXFileReference; lastKnownFileType = folder.assetcatalog; path = Images.xcassets; sourceTree = "<group>"; };
		F8CD9DF21AE7E6C400D4FF53 /* Base */ = {isa = PBXFileReference; lastKnownFileType = file.xib; name = Base; path = Base.lproj/LaunchScreen.xib; sourceTree = "<group>"; };
		F8CD9DF81AE7E6C400D4FF53 /* Wolox Tranining AppTests.xctest */ = {isa = PBXFileReference; explicitFileType = wrapper.cfbundle; includeInIndex = 0; path = "Wolox Tranining AppTests.xctest"; sourceTree = BUILT_PRODUCTS_DIR; };
		F8CD9DFD1AE7E6C400D4FF53 /* Info.plist */ = {isa = PBXFileReference; lastKnownFileType = text.plist.xml; path = Info.plist; sourceTree = "<group>"; };
/* End PBXFileReference section */

/* Begin PBXFrameworksBuildPhase section */
		F8CD9DD91AE7E6C400D4FF53 /* Frameworks */ = {
			isa = PBXFrameworksBuildPhase;
			buildActionMask = 2147483647;
			files = (
				9A63F45D37043CE89D151D0E /* libPods.a in Frameworks */,
			);
			runOnlyForDeploymentPostprocessing = 0;
		};
		F8CD9DF51AE7E6C400D4FF53 /* Frameworks */ = {
			isa = PBXFrameworksBuildPhase;
			buildActionMask = 2147483647;
			files = (
			);
			runOnlyForDeploymentPostprocessing = 0;
		};
/* End PBXFrameworksBuildPhase section */

/* Begin PBXGroup section */
		778ED943A98F2FCE222F663A /* Pods */ = {
			isa = PBXGroup;
			children = (
				5758CB3A9EC9A4E62D827F6D /* Pods.debug.xcconfig */,
				4EE0CEC310899A93D3573FF6 /* Pods.release.xcconfig */,
			);
			name = Pods;
			sourceTree = "<group>";
		};
		822F65EBF336B3A5159123D6 /* Frameworks */ = {
			isa = PBXGroup;
			children = (
				81726B55BE47D3A50661D4A0 /* libPods.a */,
			);
			name = Frameworks;
			sourceTree = "<group>";
		};
		B94C93AA1AFC000900A5F67E /* Nibs */ = {
			isa = PBXGroup;
			children = (
				B94C93AB1AFC002400A5F67E /* NewsTableViewCell.xib */,
			);
			name = Nibs;
			sourceTree = "<group>";
		};
		B94CA2941AFA6E6F0043EBDA /* Model */ = {
			isa = PBXGroup;
			children = (
				B94CA2951AFA6E6F0043EBDA /* News.h */,
				B94CA2961AFA6E6F0043EBDA /* News.m */,
			);
			path = Model;
			sourceTree = "<group>";
		};
		B94CA29F1AFA6EAE0043EBDA /* Utils */ = {
			isa = PBXGroup;
			children = (
				B99811491B06380000A56C7C /* NewsRequestManager.h */,
				B998114A1B06380900A56C7C /* NewsRequestManager.m */,
				B9B9AB531AF90ACB00EB511A /* SingleNewTableViewCell.m */,
				B9B9AB521AF90ACB00EB511A /* SingleNewTableViewCell.h */,
				B99D46301B00E15600A604D4 /* UserRequestManager.m */,
				B99D462F1B00E15600A604D4 /* UserRequestManager.h */,
				B94CA2A21AFA6EAE0043EBDA /* RequestManager.h */,
				B94CA2A31AFA6EAE0043EBDA /* RequestManager.m */,
			);
			path = Utils;
			sourceTree = "<group>";
		};
		B94CA2A61AFA6EBD0043EBDA /* ViewControllers */ = {
			isa = PBXGroup;
			children = (
				B94CA2A71AFA6EBD0043EBDA /* LogInViewController.h */,
				B94CA2A81AFA6EBD0043EBDA /* LogInViewController.m */,
				B94CA2A91AFA6EBD0043EBDA /* NewsProfileViewController.h */,
				B94CA2AA1AFA6EBD0043EBDA /* NewsProfileViewController.m */,
				B94CA2AB1AFA6EBD0043EBDA /* NewsCollectionViewController.h */,
				B94CA2AC1AFA6EBD0043EBDA /* NewsCollectionViewController.m */,
				B94CA2AF1AFA6EBD0043EBDA /* SignUpViewController.h */,
				B94CA2B01AFA6EBD0043EBDA /* SignUpViewController.m */,
			);
			path = ViewControllers;
			sourceTree = "<group>";
		};
		B94CA2B61AFA6EC90043EBDA /* ViewModels */ = {
			isa = PBXGroup;
			children = (
				B94CA2B71AFA6EC90043EBDA /* LogInViewModel.h */,
				B94CA2B81AFA6EC90043EBDA /* LogInViewModel.m */,
				B94CA2B91AFA6EC90043EBDA /* NewsCollectionViewModel.h */,
				B94CA2BA1AFA6EC90043EBDA /* NewsCollectionViewModel.m */,
				B94CA2BB1AFA6EC90043EBDA /* NewsViewModel.h */,
				B94CA2BC1AFA6EC90043EBDA /* NewsViewModel.m */,
				B94CA2BD1AFA6EC90043EBDA /* SignUpViewModel.h */,
				B94CA2BE1AFA6EC90043EBDA /* SignUpViewModel.m */,
				F83409F21B0859C10032664A /* ProfileViewModel.h */,
				F83409F31B0859C10032664A /* ProfileViewModel.m */,
			);
			path = ViewModels;
			sourceTree = "<group>";
		};
		F8CD9DD31AE7E6C400D4FF53 = {
			isa = PBXGroup;
			children = (
				F8CD9DDE1AE7E6C400D4FF53 /* Wolox Tranining App */,
				F8CD9DDD1AE7E6C400D4FF53 /* Products */,
				778ED943A98F2FCE222F663A /* Pods */,
				822F65EBF336B3A5159123D6 /* Frameworks */,
			);
			sourceTree = "<group>";
		};
		F8CD9DDD1AE7E6C400D4FF53 /* Products */ = {
			isa = PBXGroup;
			children = (
				F8CD9DDC1AE7E6C400D4FF53 /* Wolox Tranining App.app */,
				F8CD9DF81AE7E6C400D4FF53 /* Wolox Tranining AppTests.xctest */,
			);
			name = Products;
			sourceTree = "<group>";
		};
		F8CD9DDE1AE7E6C400D4FF53 /* Wolox Tranining App */ = {
			isa = PBXGroup;
			children = (
				F8CD9DEF1AE7E6C400D4FF53 /* Images.xcassets */,
				B94C93AA1AFC000900A5F67E /* Nibs */,
				F8CD9DDF1AE7E6C400D4FF53 /* Supporting Files */,
				B94CA2941AFA6E6F0043EBDA /* Model */,
				B94CA29F1AFA6EAE0043EBDA /* Utils */,
				B94CA2A61AFA6EBD0043EBDA /* ViewControllers */,
				B94CA2B61AFA6EC90043EBDA /* ViewModels */,
				F8CD9DF11AE7E6C400D4FF53 /* LaunchScreen.xib */,
				F8CD9DEC1AE7E6C400D4FF53 /* Main.storyboard */,
				F8CD9DE31AE7E6C400D4FF53 /* AppDelegate.h */,
				F8CD9DE41AE7E6C400D4FF53 /* AppDelegate.m */,
				F8CD9DFB1AE7E6C400D4FF53 /* Wolox Tranining AppTests */,
			);
			path = "Wolox Tranining App";
			sourceTree = "<group>";
		};
		F8CD9DDF1AE7E6C400D4FF53 /* Supporting Files */ = {
			isa = PBXGroup;
			children = (
				F8CD9DE01AE7E6C400D4FF53 /* Info.plist */,
				F8CD9DE11AE7E6C400D4FF53 /* main.m */,
			);
			name = "Supporting Files";
			sourceTree = "<group>";
		};
		F8CD9DFB1AE7E6C400D4FF53 /* Wolox Tranining AppTests */ = {
			isa = PBXGroup;
			children = (
				F8CD9DFC1AE7E6C400D4FF53 /* Supporting Files */,
			);
			path = "Wolox Tranining AppTests";
			sourceTree = SOURCE_ROOT;
		};
		F8CD9DFC1AE7E6C400D4FF53 /* Supporting Files */ = {
			isa = PBXGroup;
			children = (
				F8CD9DFD1AE7E6C400D4FF53 /* Info.plist */,
			);
			name = "Supporting Files";
			sourceTree = "<group>";
		};
/* End PBXGroup section */

/* Begin PBXNativeTarget section */
		F8CD9DDB1AE7E6C400D4FF53 /* Wolox Tranining App */ = {
			isa = PBXNativeTarget;
			buildConfigurationList = F8CD9E021AE7E6C400D4FF53 /* Build configuration list for PBXNativeTarget "Wolox Tranining App" */;
			buildPhases = (
				76DF71AB3113029F6FD31940 /* Check Pods Manifest.lock */,
				F8CD9DD81AE7E6C400D4FF53 /* Sources */,
				F8CD9DD91AE7E6C400D4FF53 /* Frameworks */,
				F8CD9DDA1AE7E6C400D4FF53 /* Resources */,
				C44F5C88646F279CCD90A177 /* Copy Pods Resources */,
			);
			buildRules = (
			);
			dependencies = (
			);
			name = "Wolox Tranining App";
			productName = "Wolox Tranining App";
			productReference = F8CD9DDC1AE7E6C400D4FF53 /* Wolox Tranining App.app */;
			productType = "com.apple.product-type.application";
		};
		F8CD9DF71AE7E6C400D4FF53 /* Wolox Tranining AppTests */ = {
			isa = PBXNativeTarget;
			buildConfigurationList = F8CD9E051AE7E6C400D4FF53 /* Build configuration list for PBXNativeTarget "Wolox Tranining AppTests" */;
			buildPhases = (
				F8CD9DF41AE7E6C400D4FF53 /* Sources */,
				F8CD9DF51AE7E6C400D4FF53 /* Frameworks */,
				F8CD9DF61AE7E6C400D4FF53 /* Resources */,
			);
			buildRules = (
			);
			dependencies = (
				F8CD9DFA1AE7E6C400D4FF53 /* PBXTargetDependency */,
			);
			name = "Wolox Tranining AppTests";
			productName = "Wolox Tranining AppTests";
			productReference = F8CD9DF81AE7E6C400D4FF53 /* Wolox Tranining AppTests.xctest */;
			productType = "com.apple.product-type.bundle.unit-test";
		};
/* End PBXNativeTarget section */

/* Begin PBXProject section */
		F8CD9DD41AE7E6C400D4FF53 /* Project object */ = {
			isa = PBXProject;
			attributes = {
				LastUpgradeCheck = 0630;
				ORGANIZATIONNAME = "Francisco Depascuali";
				TargetAttributes = {
					F8CD9DDB1AE7E6C400D4FF53 = {
						CreatedOnToolsVersion = 6.3;
					};
					F8CD9DF71AE7E6C400D4FF53 = {
						CreatedOnToolsVersion = 6.3;
						TestTargetID = F8CD9DDB1AE7E6C400D4FF53;
					};
				};
			};
			buildConfigurationList = F8CD9DD71AE7E6C400D4FF53 /* Build configuration list for PBXProject "Wolox Tranining App" */;
			compatibilityVersion = "Xcode 3.2";
			developmentRegion = English;
			hasScannedForEncodings = 0;
			knownRegions = (
				en,
				Base,
			);
			mainGroup = F8CD9DD31AE7E6C400D4FF53;
			productRefGroup = F8CD9DDD1AE7E6C400D4FF53 /* Products */;
			projectDirPath = "";
			projectRoot = "";
			targets = (
				F8CD9DDB1AE7E6C400D4FF53 /* Wolox Tranining App */,
				F8CD9DF71AE7E6C400D4FF53 /* Wolox Tranining AppTests */,
			);
		};
/* End PBXProject section */

/* Begin PBXResourcesBuildPhase section */
		F8CD9DDA1AE7E6C400D4FF53 /* Resources */ = {
			isa = PBXResourcesBuildPhase;
			buildActionMask = 2147483647;
			files = (
				F8CD9DEE1AE7E6C400D4FF53 /* Main.storyboard in Resources */,
				F8CD9DF31AE7E6C400D4FF53 /* LaunchScreen.xib in Resources */,
				B94C93AC1AFC002400A5F67E /* NewsTableViewCell.xib in Resources */,
				F8CD9DF01AE7E6C400D4FF53 /* Images.xcassets in Resources */,
			);
			runOnlyForDeploymentPostprocessing = 0;
		};
		F8CD9DF61AE7E6C400D4FF53 /* Resources */ = {
			isa = PBXResourcesBuildPhase;
			buildActionMask = 2147483647;
			files = (
			);
			runOnlyForDeploymentPostprocessing = 0;
		};
/* End PBXResourcesBuildPhase section */

/* Begin PBXShellScriptBuildPhase section */
		76DF71AB3113029F6FD31940 /* Check Pods Manifest.lock */ = {
			isa = PBXShellScriptBuildPhase;
			buildActionMask = 2147483647;
			files = (
			);
			inputPaths = (
			);
			name = "Check Pods Manifest.lock";
			outputPaths = (
			);
			runOnlyForDeploymentPostprocessing = 0;
			shellPath = /bin/sh;
			shellScript = "diff \"${PODS_ROOT}/../Podfile.lock\" \"${PODS_ROOT}/Manifest.lock\" > /dev/null\nif [[ $? != 0 ]] ; then\n    cat << EOM\nerror: The sandbox is not in sync with the Podfile.lock. Run 'pod install' or update your CocoaPods installation.\nEOM\n    exit 1\nfi\n";
			showEnvVarsInLog = 0;
		};
		C44F5C88646F279CCD90A177 /* Copy Pods Resources */ = {
			isa = PBXShellScriptBuildPhase;
			buildActionMask = 2147483647;
			files = (
			);
			inputPaths = (
			);
			name = "Copy Pods Resources";
			outputPaths = (
			);
			runOnlyForDeploymentPostprocessing = 0;
			shellPath = /bin/sh;
			shellScript = "\"${SRCROOT}/Pods/Target Support Files/Pods/Pods-resources.sh\"\n";
			showEnvVarsInLog = 0;
		};
/* End PBXShellScriptBuildPhase section */

/* Begin PBXSourcesBuildPhase section */
		F8CD9DD81AE7E6C400D4FF53 /* Sources */ = {
			isa = PBXSourcesBuildPhase;
			buildActionMask = 2147483647;
			files = (
				B998114C1B06394B00A56C7C /* RequestManager.m in Sources */,
				B99D46311B00E15600A604D4 /* UserRequestManager.m in Sources */,
				B94CA2BF1AFA6EC90043EBDA /* LogInViewModel.m in Sources */,
				B94CA2C01AFA6EC90043EBDA /* NewsCollectionViewModel.m in Sources */,
				B9B9AB541AF90ACB00EB511A /* SingleNewTableViewCell.m in Sources */,
				B94CA2B21AFA6EBD0043EBDA /* NewsProfileViewController.m in Sources */,
				B94CA2B51AFA6EBD0043EBDA /* SignUpViewController.m in Sources */,
				F83409F41B0859C10032664A /* ProfileViewModel.m in Sources */,
				F8CD9DE51AE7E6C400D4FF53 /* AppDelegate.m in Sources */,
				B94CA2B11AFA6EBD0043EBDA /* LogInViewController.m in Sources */,
				B94CA2971AFA6E6F0043EBDA /* News.m in Sources */,
				B94CA2C21AFA6EC90043EBDA /* SignUpViewModel.m in Sources */,
				F8CD9DE21AE7E6C400D4FF53 /* main.m in Sources */,
				B998114B1B06380900A56C7C /* NewsRequestManager.m in Sources */,
				B94CA2B31AFA6EBD0043EBDA /* NewsCollectionViewController.m in Sources */,
				B94CA2C11AFA6EC90043EBDA /* NewsViewModel.m in Sources */,
			);
			runOnlyForDeploymentPostprocessing = 0;
		};
		F8CD9DF41AE7E6C400D4FF53 /* Sources */ = {
			isa = PBXSourcesBuildPhase;
			buildActionMask = 2147483647;
			files = (
			);
			runOnlyForDeploymentPostprocessing = 0;
		};
/* End PBXSourcesBuildPhase section */

/* Begin PBXTargetDependency section */
		F8CD9DFA1AE7E6C400D4FF53 /* PBXTargetDependency */ = {
			isa = PBXTargetDependency;
			target = F8CD9DDB1AE7E6C400D4FF53 /* Wolox Tranining App */;
			targetProxy = F8CD9DF91AE7E6C400D4FF53 /* PBXContainerItemProxy */;
		};
/* End PBXTargetDependency section */

/* Begin PBXVariantGroup section */
		F8CD9DEC1AE7E6C400D4FF53 /* Main.storyboard */ = {
			isa = PBXVariantGroup;
			children = (
				F8CD9DED1AE7E6C400D4FF53 /* Base */,
			);
			name = Main.storyboard;
			sourceTree = "<group>";
		};
		F8CD9DF11AE7E6C400D4FF53 /* LaunchScreen.xib */ = {
			isa = PBXVariantGroup;
			children = (
				F8CD9DF21AE7E6C400D4FF53 /* Base */,
			);
			name = LaunchScreen.xib;
			sourceTree = "<group>";
		};
/* End PBXVariantGroup section */

/* Begin XCBuildConfiguration section */
		F8CD9E001AE7E6C400D4FF53 /* Debug */ = {
			isa = XCBuildConfiguration;
			buildSettings = {
				ALWAYS_SEARCH_USER_PATHS = NO;
				CLANG_CXX_LANGUAGE_STANDARD = "gnu++0x";
				CLANG_CXX_LIBRARY = "libc++";
				CLANG_ENABLE_MODULES = YES;
				CLANG_ENABLE_OBJC_ARC = YES;
				CLANG_WARN_BOOL_CONVERSION = YES;
				CLANG_WARN_CONSTANT_CONVERSION = YES;
				CLANG_WARN_DIRECT_OBJC_ISA_USAGE = YES_ERROR;
				CLANG_WARN_EMPTY_BODY = YES;
				CLANG_WARN_ENUM_CONVERSION = YES;
				CLANG_WARN_INT_CONVERSION = YES;
				CLANG_WARN_OBJC_ROOT_CLASS = YES_ERROR;
				CLANG_WARN_UNREACHABLE_CODE = YES;
				CLANG_WARN__DUPLICATE_METHOD_MATCH = YES;
				"CODE_SIGN_IDENTITY[sdk=iphoneos*]" = "iPhone Developer";
				COPY_PHASE_STRIP = NO;
				DEBUG_INFORMATION_FORMAT = "dwarf-with-dsym";
				ENABLE_STRICT_OBJC_MSGSEND = YES;
				GCC_C_LANGUAGE_STANDARD = gnu99;
				GCC_DYNAMIC_NO_PIC = NO;
				GCC_NO_COMMON_BLOCKS = YES;
				GCC_OPTIMIZATION_LEVEL = 0;
				GCC_PREPROCESSOR_DEFINITIONS = (
					"DEBUG=1",
					"$(inherited)",
				);
				GCC_SYMBOLS_PRIVATE_EXTERN = NO;
				GCC_WARN_64_TO_32_BIT_CONVERSION = YES;
				GCC_WARN_ABOUT_RETURN_TYPE = YES_ERROR;
				GCC_WARN_UNDECLARED_SELECTOR = YES;
				GCC_WARN_UNINITIALIZED_AUTOS = YES_AGGRESSIVE;
				GCC_WARN_UNUSED_FUNCTION = YES;
				GCC_WARN_UNUSED_VARIABLE = YES;
				IPHONEOS_DEPLOYMENT_TARGET = 8.3;
				MTL_ENABLE_DEBUG_INFO = YES;
				ONLY_ACTIVE_ARCH = YES;
				SDKROOT = iphoneos;
				TARGETED_DEVICE_FAMILY = "1,2";
			};
			name = Debug;
		};
		F8CD9E011AE7E6C400D4FF53 /* Release */ = {
			isa = XCBuildConfiguration;
			buildSettings = {
				ALWAYS_SEARCH_USER_PATHS = NO;
				CLANG_CXX_LANGUAGE_STANDARD = "gnu++0x";
				CLANG_CXX_LIBRARY = "libc++";
				CLANG_ENABLE_MODULES = YES;
				CLANG_ENABLE_OBJC_ARC = YES;
				CLANG_WARN_BOOL_CONVERSION = YES;
				CLANG_WARN_CONSTANT_CONVERSION = YES;
				CLANG_WARN_DIRECT_OBJC_ISA_USAGE = YES_ERROR;
				CLANG_WARN_EMPTY_BODY = YES;
				CLANG_WARN_ENUM_CONVERSION = YES;
				CLANG_WARN_INT_CONVERSION = YES;
				CLANG_WARN_OBJC_ROOT_CLASS = YES_ERROR;
				CLANG_WARN_UNREACHABLE_CODE = YES;
				CLANG_WARN__DUPLICATE_METHOD_MATCH = YES;
				"CODE_SIGN_IDENTITY[sdk=iphoneos*]" = "iPhone Developer";
				COPY_PHASE_STRIP = NO;
				DEBUG_INFORMATION_FORMAT = "dwarf-with-dsym";
				ENABLE_NS_ASSERTIONS = NO;
				ENABLE_STRICT_OBJC_MSGSEND = YES;
				GCC_C_LANGUAGE_STANDARD = gnu99;
				GCC_NO_COMMON_BLOCKS = YES;
				GCC_WARN_64_TO_32_BIT_CONVERSION = YES;
				GCC_WARN_ABOUT_RETURN_TYPE = YES_ERROR;
				GCC_WARN_UNDECLARED_SELECTOR = YES;
				GCC_WARN_UNINITIALIZED_AUTOS = YES_AGGRESSIVE;
				GCC_WARN_UNUSED_FUNCTION = YES;
				GCC_WARN_UNUSED_VARIABLE = YES;
				IPHONEOS_DEPLOYMENT_TARGET = 8.3;
				MTL_ENABLE_DEBUG_INFO = NO;
				SDKROOT = iphoneos;
				TARGETED_DEVICE_FAMILY = "1,2";
				VALIDATE_PRODUCT = YES;
			};
			name = Release;
		};
		F8CD9E031AE7E6C400D4FF53 /* Debug */ = {
			isa = XCBuildConfiguration;
			baseConfigurationReference = 5758CB3A9EC9A4E62D827F6D /* Pods.debug.xcconfig */;
			buildSettings = {
				ASSETCATALOG_COMPILER_APPICON_NAME = AppIcon;
				INFOPLIST_FILE = "Wolox Tranining App/Info.plist";
				LD_RUNPATH_SEARCH_PATHS = "$(inherited) @executable_path/Frameworks";
				PRODUCT_NAME = "$(TARGET_NAME)";
			};
			name = Debug;
		};
		F8CD9E041AE7E6C400D4FF53 /* Release */ = {
			isa = XCBuildConfiguration;
			baseConfigurationReference = 4EE0CEC310899A93D3573FF6 /* Pods.release.xcconfig */;
			buildSettings = {
				ASSETCATALOG_COMPILER_APPICON_NAME = AppIcon;
				INFOPLIST_FILE = "Wolox Tranining App/Info.plist";
				LD_RUNPATH_SEARCH_PATHS = "$(inherited) @executable_path/Frameworks";
				PRODUCT_NAME = "$(TARGET_NAME)";
			};
			name = Release;
		};
		F8CD9E061AE7E6C400D4FF53 /* Debug */ = {
			isa = XCBuildConfiguration;
			buildSettings = {
				BUNDLE_LOADER = "$(TEST_HOST)";
				FRAMEWORK_SEARCH_PATHS = (
					"$(SDKROOT)/Developer/Library/Frameworks",
					"$(inherited)",
				);
				GCC_PREPROCESSOR_DEFINITIONS = (
					"DEBUG=1",
					"$(inherited)",
				);
				INFOPLIST_FILE = "Wolox Tranining AppTests/Info.plist";
				LD_RUNPATH_SEARCH_PATHS = "$(inherited) @executable_path/Frameworks @loader_path/Frameworks";
				PRODUCT_NAME = "$(TARGET_NAME)";
				TEST_HOST = "$(BUILT_PRODUCTS_DIR)/Wolox Tranining App.app/Wolox Tranining App";
			};
			name = Debug;
		};
		F8CD9E071AE7E6C400D4FF53 /* Release */ = {
			isa = XCBuildConfiguration;
			buildSettings = {
				BUNDLE_LOADER = "$(TEST_HOST)";
				FRAMEWORK_SEARCH_PATHS = (
					"$(SDKROOT)/Developer/Library/Frameworks",
					"$(inherited)",
				);
				INFOPLIST_FILE = "Wolox Tranining AppTests/Info.plist";
				LD_RUNPATH_SEARCH_PATHS = "$(inherited) @executable_path/Frameworks @loader_path/Frameworks";
				PRODUCT_NAME = "$(TARGET_NAME)";
				TEST_HOST = "$(BUILT_PRODUCTS_DIR)/Wolox Tranining App.app/Wolox Tranining App";
			};
			name = Release;
		};
/* End XCBuildConfiguration section */

/* Begin XCConfigurationList section */
		F8CD9DD71AE7E6C400D4FF53 /* Build configuration list for PBXProject "Wolox Tranining App" */ = {
			isa = XCConfigurationList;
			buildConfigurations = (
				F8CD9E001AE7E6C400D4FF53 /* Debug */,
				F8CD9E011AE7E6C400D4FF53 /* Release */,
			);
			defaultConfigurationIsVisible = 0;
			defaultConfigurationName = Release;
		};
		F8CD9E021AE7E6C400D4FF53 /* Build configuration list for PBXNativeTarget "Wolox Tranining App" */ = {
			isa = XCConfigurationList;
			buildConfigurations = (
				F8CD9E031AE7E6C400D4FF53 /* Debug */,
				F8CD9E041AE7E6C400D4FF53 /* Release */,
			);
			defaultConfigurationIsVisible = 0;
			defaultConfigurationName = Release;
		};
		F8CD9E051AE7E6C400D4FF53 /* Build configuration list for PBXNativeTarget "Wolox Tranining AppTests" */ = {
			isa = XCConfigurationList;
			buildConfigurations = (
				F8CD9E061AE7E6C400D4FF53 /* Debug */,
				F8CD9E071AE7E6C400D4FF53 /* Release */,
			);
			defaultConfigurationIsVisible = 0;
			defaultConfigurationName = Release;
		};
/* End XCConfigurationList section */
	};
	rootObject = F8CD9DD41AE7E6C400D4FF53 /* Project object */;
}
